// !$*UTF8*$!
{
	archiveVersion = 1;
	classes = {
	};
	objectVersion = 50;
	objects = {

/* Begin PBXBuildFile section */
		ED9F07CD24BB6481007AF391 /* UIImage + extention.swift in Sources */ = {isa = PBXBuildFile; fileRef = ED9F07CC24BB6481007AF391 /* UIImage + extention.swift */; };
		EDA2838524B8EC2E004BD8D8 /* AppDelegate.swift in Sources */ = {isa = PBXBuildFile; fileRef = EDA2838424B8EC2E004BD8D8 /* AppDelegate.swift */; };
		EDA2838724B8EC2E004BD8D8 /* SceneDelegate.swift in Sources */ = {isa = PBXBuildFile; fileRef = EDA2838624B8EC2E004BD8D8 /* SceneDelegate.swift */; };
		EDA2838924B8EC2E004BD8D8 /* ViewController.swift in Sources */ = {isa = PBXBuildFile; fileRef = EDA2838824B8EC2E004BD8D8 /* ViewController.swift */; };
		EDA2838C24B8EC2E004BD8D8 /* Main.storyboard in Resources */ = {isa = PBXBuildFile; fileRef = EDA2838A24B8EC2E004BD8D8 /* Main.storyboard */; };
		EDA2838E24B8EC31004BD8D8 /* Assets.xcassets in Resources */ = {isa = PBXBuildFile; fileRef = EDA2838D24B8EC31004BD8D8 /* Assets.xcassets */; };
		EDA2839124B8EC31004BD8D8 /* LaunchScreen.storyboard in Resources */ = {isa = PBXBuildFile; fileRef = EDA2838F24B8EC31004BD8D8 /* LaunchScreen.storyboard */; };
/* End PBXBuildFile section */

/* Begin PBXFileReference section */
		ED9F07CC24BB6481007AF391 /* UIImage + extention.swift */ = {isa = PBXFileReference; lastKnownFileType = sourcecode.swift; path = "UIImage + extention.swift"; sourceTree = "<group>"; };
		EDA2838124B8EC2E004BD8D8 /* Калинин.app */ = {isa = PBXFileReference; explicitFileType = wrapper.application; includeInIndex = 0; path = "Калинин.app"; sourceTree = BUILT_PRODUCTS_DIR; };
		EDA2838424B8EC2E004BD8D8 /* AppDelegate.swift */ = {isa = PBXFileReference; lastKnownFileType = sourcecode.swift; path = AppDelegate.swift; sourceTree = "<group>"; };
		EDA2838624B8EC2E004BD8D8 /* SceneDelegate.swift */ = {isa = PBXFileReference; lastKnownFileType = sourcecode.swift; path = SceneDelegate.swift; sourceTree = "<group>"; };
		EDA2838824B8EC2E004BD8D8 /* ViewController.swift */ = {isa = PBXFileReference; lastKnownFileType = sourcecode.swift; path = ViewController.swift; sourceTree = "<group>"; };
		EDA2838B24B8EC2E004BD8D8 /* Base */ = {isa = PBXFileReference; lastKnownFileType = file.storyboard; name = Base; path = Base.lproj/Main.storyboard; sourceTree = "<group>"; };
		EDA2838D24B8EC31004BD8D8 /* Assets.xcassets */ = {isa = PBXFileReference; lastKnownFileType = folder.assetcatalog; path = Assets.xcassets; sourceTree = "<group>"; };
		EDA2839024B8EC31004BD8D8 /* Base */ = {isa = PBXFileReference; lastKnownFileType = file.storyboard; name = Base; path = Base.lproj/LaunchScreen.storyboard; sourceTree = "<group>"; };
		EDA2839224B8EC31004BD8D8 /* Info.plist */ = {isa = PBXFileReference; lastKnownFileType = text.plist.xml; path = Info.plist; sourceTree = "<group>"; };
/* End PBXFileReference section */

/* Begin PBXFrameworksBuildPhase section */
		EDA2837E24B8EC2E004BD8D8 /* Frameworks */ = {
			isa = PBXFrameworksBuildPhase;
			buildActionMask = 2147483647;
			files = (
			);
			runOnlyForDeploymentPostprocessing = 0;
		};
/* End PBXFrameworksBuildPhase section */

/* Begin PBXGroup section */
		EDA2837824B8EC2D004BD8D8 = {
			isa = PBXGroup;
			children = (
				EDA2838324B8EC2E004BD8D8 /* Калинин */,
				EDA2838224B8EC2E004BD8D8 /* Products */,
			);
			sourceTree = "<group>";
		};
		EDA2838224B8EC2E004BD8D8 /* Products */ = {
			isa = PBXGroup;
			children = (
				EDA2838124B8EC2E004BD8D8 /* Калинин.app */,
			);
			name = Products;
			sourceTree = "<group>";
		};
		EDA2838324B8EC2E004BD8D8 /* Калинин */ = {
			isa = PBXGroup;
			children = (
				EDA2838424B8EC2E004BD8D8 /* AppDelegate.swift */,
				EDA2838624B8EC2E004BD8D8 /* SceneDelegate.swift */,
				EDA2838824B8EC2E004BD8D8 /* ViewController.swift */,
				ED9F07CC24BB6481007AF391 /* UIImage + extention.swift */,
				EDA2838A24B8EC2E004BD8D8 /* Main.storyboard */,
				EDA2838D24B8EC31004BD8D8 /* Assets.xcassets */,
				EDA2838F24B8EC31004BD8D8 /* LaunchScreen.storyboard */,
				EDA2839224B8EC31004BD8D8 /* Info.plist */,
			);
			path = "Калинин";
			sourceTree = "<group>";
		};
/* End PBXGroup section */

/* Begin PBXNativeTarget section */
		EDA2838024B8EC2E004BD8D8 /* Калинин */ = {
			isa = PBXNativeTarget;
			buildConfigurationList = EDA2839524B8EC31004BD8D8 /* Build configuration list for PBXNativeTarget "Калинин" */;
			buildPhases = (
				EDA2837D24B8EC2E004BD8D8 /* Sources */,
				EDA2837E24B8EC2E004BD8D8 /* Frameworks */,
				EDA2837F24B8EC2E004BD8D8 /* Resources */,
			);
			buildRules = (
			);
			dependencies = (
			);
			name = "Калинин";
			productName = "Калинин";
			productReference = EDA2838124B8EC2E004BD8D8 /* Калинин.app */;
			productType = "com.apple.product-type.application";
		};
/* End PBXNativeTarget section */

/* Begin PBXProject section */
		EDA2837924B8EC2D004BD8D8 /* Project object */ = {
			isa = PBXProject;
			attributes = {
				LastSwiftUpdateCheck = 1150;
				LastUpgradeCheck = 1150;
				ORGANIZATIONNAME = "Кирилл";
				TargetAttributes = {
					EDA2838024B8EC2E004BD8D8 = {
						CreatedOnToolsVersion = 11.5;
					};
				};
			};
			buildConfigurationList = EDA2837C24B8EC2D004BD8D8 /* Build configuration list for PBXProject "Калинин" */;
			compatibilityVersion = "Xcode 9.3";
			developmentRegion = en;
			hasScannedForEncodings = 0;
			knownRegions = (
				en,
				Base,
			);
			mainGroup = EDA2837824B8EC2D004BD8D8;
			productRefGroup = EDA2838224B8EC2E004BD8D8 /* Products */;
			projectDirPath = "";
			projectRoot = "";
			targets = (
				EDA2838024B8EC2E004BD8D8 /* Калинин */,
			);
		};
/* End PBXProject section */

/* Begin PBXResourcesBuildPhase section */
		EDA2837F24B8EC2E004BD8D8 /* Resources */ = {
			isa = PBXResourcesBuildPhase;
			buildActionMask = 2147483647;
			files = (
				EDA2839124B8EC31004BD8D8 /* LaunchScreen.storyboard in Resources */,
				EDA2838E24B8EC31004BD8D8 /* Assets.xcassets in Resources */,
				EDA2838C24B8EC2E004BD8D8 /* Main.storyboard in Resources */,
			);
			runOnlyForDeploymentPostprocessing = 0;
		};
/* End PBXResourcesBuildPhase section */

/* Begin PBXSourcesBuildPhase section */
		EDA2837D24B8EC2E004BD8D8 /* Sources */ = {
			isa = PBXSourcesBuildPhase;
			buildActionMask = 2147483647;
			files = (
				EDA2838924B8EC2E004BD8D8 /* ViewController.swift in Sources */,
				EDA2838524B8EC2E004BD8D8 /* AppDelegate.swift in Sources */,
				ED9F07CD24BB6481007AF391 /* UIImage + extention.swift in Sources */,
				EDA2838724B8EC2E004BD8D8 /* SceneDelegate.swift in Sources */,
			);
			runOnlyForDeploymentPostprocessing = 0;
		};
/* End PBXSourcesBuildPhase section */

/* Begin PBXVariantGroup section */
		EDA2838A24B8EC2E004BD8D8 /* Main.storyboard */ = {
			isa = PBXVariantGroup;
			children = (
				EDA2838B24B8EC2E004BD8D8 /* Base */,
			);
			name = Main.storyboard;
			sourceTree = "<group>";
		};
		EDA2838F24B8EC31004BD8D8 /* LaunchScreen.storyboard */ = {
			isa = PBXVariantGroup;
			children = (
				EDA2839024B8EC31004BD8D8 /* Base */,
			);
			name = LaunchScreen.storyboard;
			sourceTree = "<group>";
		};
/* End PBXVariantGroup section */

/* Begin XCBuildConfiguration section */
		EDA2839324B8EC31004BD8D8 /* Debug */ = {
			isa = XCBuildConfiguration;
			buildSettings = {
				ALWAYS_SEARCH_USER_PATHS = NO;
				CLANG_ANALYZER_NONNULL = YES;
				CLANG_ANALYZER_NUMBER_OBJECT_CONVERSION = YES_AGGRESSIVE;
				CLANG_CXX_LANGUAGE_STANDARD = "gnu++14";
				CLANG_CXX_LIBRARY = "libc++";
				CLANG_ENABLE_MODULES = YES;
				CLANG_ENABLE_OBJC_ARC = YES;
				CLANG_ENABLE_OBJC_WEAK = YES;
				CLANG_WARN_BLOCK_CAPTURE_AUTORELEASING = YES;
				CLANG_WARN_BOOL_CONVERSION = YES;
				CLANG_WARN_COMMA = YES;
				CLANG_WARN_CONSTANT_CONVERSION = YES;
				CLANG_WARN_DEPRECATED_OBJC_IMPLEMENTATIONS = YES;
				CLANG_WARN_DIRECT_OBJC_ISA_USAGE = YES_ERROR;
				CLANG_WARN_DOCUMENTATION_COMMENTS = YES;
				CLANG_WARN_EMPTY_BODY = YES;
				CLANG_WARN_ENUM_CONVERSION = YES;
				CLANG_WARN_INFINITE_RECURSION = YES;
				CLANG_WARN_INT_CONVERSION = YES;
				CLANG_WARN_NON_LITERAL_NULL_CONVERSION = YES;
				CLANG_WARN_OBJC_IMPLICIT_RETAIN_SELF = YES;
				CLANG_WARN_OBJC_LITERAL_CONVERSION = YES;
				CLANG_WARN_OBJC_ROOT_CLASS = YES_ERROR;
				CLANG_WARN_RANGE_LOOP_ANALYSIS = YES;
				CLANG_WARN_STRICT_PROTOTYPES = YES;
				CLANG_WARN_SUSPICIOUS_MOVE = YES;
				CLANG_WARN_UNGUARDED_AVAILABILITY = YES_AGGRESSIVE;
				CLANG_WARN_UNREACHABLE_CODE = YES;
				CLANG_WARN__DUPLICATE_METHOD_MATCH = YES;
				COPY_PHASE_STRIP = NO;
				DEBUG_INFORMATION_FORMAT = dwarf;
				ENABLE_STRICT_OBJC_MSGSEND = YES;
				ENABLE_TESTABILITY = YES;
				GCC_C_LANGUAGE_STANDARD = gnu11;
				GCC_DYNAMIC_NO_PIC = NO;
				GCC_NO_COMMON_BLOCKS = YES;
				GCC_OPTIMIZATION_LEVEL = 0;
				GCC_PREPROCESSOR_DEFINITIONS = (
					"DEBUG=1",
					"$(inherited)",
				);
				GCC_WARN_64_TO_32_BIT_CONVERSION = YES;
				GCC_WARN_ABOUT_RETURN_TYPE = YES_ERROR;
				GCC_WARN_UNDECLARED_SELECTOR = YES;
				GCC_WARN_UNINITIALIZED_AUTOS = YES_AGGRESSIVE;
				GCC_WARN_UNUSED_FUNCTION = YES;
				GCC_WARN_UNUSED_VARIABLE = YES;
				IPHONEOS_DEPLOYMENT_TARGET = 13.5;
				MTL_ENABLE_DEBUG_INFO = INCLUDE_SOURCE;
				MTL_FAST_MATH = YES;
				ONLY_ACTIVE_ARCH = YES;
				SDKROOT = iphoneos;
				SWIFT_ACTIVE_COMPILATION_CONDITIONS = DEBUG;
				SWIFT_OPTIMIZATION_LEVEL = "-Onone";
			};
			name = Debug;
		};
		EDA2839424B8EC31004BD8D8 /* Release */ = {
			isa = XCBuildConfiguration;
			buildSettings = {
				ALWAYS_SEARCH_USER_PATHS = NO;
				CLANG_ANALYZER_NONNULL = YES;
				CLANG_ANALYZER_NUMBER_OBJECT_CONVERSION = YES_AGGRESSIVE;
				CLANG_CXX_LANGUAGE_STANDARD = "gnu++14";
				CLANG_CXX_LIBRARY = "libc++";
				CLANG_ENABLE_MODULES = YES;
				CLANG_ENABLE_OBJC_ARC = YES;
				CLANG_ENABLE_OBJC_WEAK = YES;
				CLANG_WARN_BLOCK_CAPTURE_AUTORELEASING = YES;
				CLANG_WARN_BOOL_CONVERSION = YES;
				CLANG_WARN_COMMA = YES;
				CLANG_WARN_CONSTANT_CONVERSION = YES;
				CLANG_WARN_DEPRECATED_OBJC_IMPLEMENTATIONS = YES;
				CLANG_WARN_DIRECT_OBJC_ISA_USAGE = YES_ERROR;
				CLANG_WARN_DOCUMENTATION_COMMENTS = YES;
				CLANG_WARN_EMPTY_BODY = YES;
				CLANG_WARN_ENUM_CONVERSION = YES;
				CLANG_WARN_INFINITE_RECURSION = YES;
				CLANG_WARN_INT_CONVERSION = YES;
				CLANG_WARN_NON_LITERAL_NULL_CONVERSION = YES;
				CLANG_WARN_OBJC_IMPLICIT_RETAIN_SELF = YES;
				CLANG_WARN_OBJC_LITERAL_CONVERSION = YES;
				CLANG_WARN_OBJC_ROOT_CLASS = YES_ERROR;
				CLANG_WARN_RANGE_LOOP_ANALYSIS = YES;
				CLANG_WARN_STRICT_PROTOTYPES = YES;
				CLANG_WARN_SUSPICIOUS_MOVE = YES;
				CLANG_WARN_UNGUARDED_AVAILABILITY = YES_AGGRESSIVE;
				CLANG_WARN_UNREACHABLE_CODE = YES;
				CLANG_WARN__DUPLICATE_METHOD_MATCH = YES;
				COPY_PHASE_STRIP = NO;
				DEBUG_INFORMATION_FORMAT = "dwarf-with-dsym";
				ENABLE_NS_ASSERTIONS = NO;
				ENABLE_STRICT_OBJC_MSGSEND = YES;
				GCC_C_LANGUAGE_STANDARD = gnu11;
				GCC_NO_COMMON_BLOCKS = YES;
				GCC_WARN_64_TO_32_BIT_CONVERSION = YES;
				GCC_WARN_ABOUT_RETURN_TYPE = YES_ERROR;
				GCC_WARN_UNDECLARED_SELECTOR = YES;
				GCC_WARN_UNINITIALIZED_AUTOS = YES_AGGRESSIVE;
				GCC_WARN_UNUSED_FUNCTION = YES;
				GCC_WARN_UNUSED_VARIABLE = YES;
				IPHONEOS_DEPLOYMENT_TARGET = 13.5;
				MTL_ENABLE_DEBUG_INFO = NO;
				MTL_FAST_MATH = YES;
				SDKROOT = iphoneos;
				SWIFT_COMPILATION_MODE = wholemodule;
				SWIFT_OPTIMIZATION_LEVEL = "-O";
				VALIDATE_PRODUCT = YES;
			};
			name = Release;
		};
		EDA2839624B8EC31004BD8D8 /* Debug */ = {
			isa = XCBuildConfiguration;
			buildSettings = {
				ASSETCATALOG_COMPILER_APPICON_NAME = AppIcon;
				CODE_SIGN_STYLE = Automatic;
				DEVELOPMENT_TEAM = ZQ27S689GF;
				INFOPLIST_FILE = "Калинин/Info.plist";
				LD_RUNPATH_SEARCH_PATHS = (
					"$(inherited)",
					"@executable_path/Frameworks",
				);
				PRODUCT_BUNDLE_IDENTIFIER = "kiraykor.-------";
				PRODUCT_NAME = "$(TARGET_NAME)";
				SWIFT_VERSION = 5.0;
				TARGETED_DEVICE_FAMILY = "1,2";
			};
			name = Debug;
		};
		EDA2839724B8EC31004BD8D8 /* Release */ = {
			isa = XCBuildConfiguration;
			buildSettings = {
				ASSETCATALOG_COMPILER_APPICON_NAME = AppIcon;
				CODE_SIGN_STYLE = Automatic;
				DEVELOPMENT_TEAM = ZQ27S689GF;
				INFOPLIST_FILE = "Калинин/Info.plist";
				LD_RUNPATH_SEARCH_PATHS = (
					"$(inherited)",
					"@executable_path/Frameworks",
				);
				PRODUCT_BUNDLE_IDENTIFIER = "kiraykor.-------";
				PRODUCT_NAME = "$(TARGET_NAME)";
				SWIFT_VERSION = 5.0;
				TARGETED_DEVICE_FAMILY = "1,2";
			};
			name = Release;
		};
/* End XCBuildConfiguration section */

/* Begin XCConfigurationList section */
		EDA2837C24B8EC2D004BD8D8 /* Build configuration list for PBXProject "Калинин" */ = {
			isa = XCConfigurationList;
			buildConfigurations = (
				EDA2839324B8EC31004BD8D8 /* Debug */,
				EDA2839424B8EC31004BD8D8 /* Release */,
			);
			defaultConfigurationIsVisible = 0;
			defaultConfigurationName = Release;
		};
		EDA2839524B8EC31004BD8D8 /* Build configuration list for PBXNativeTarget "Калинин" */ = {
			isa = XCConfigurationList;
			buildConfigurations = (
				EDA2839624B8EC31004BD8D8 /* Debug */,
				EDA2839724B8EC31004BD8D8 /* Release */,
			);
			defaultConfigurationIsVisible = 0;
			defaultConfigurationName = Release;
		};
/* End XCConfigurationList section */
	};
	rootObject = EDA2837924B8EC2D004BD8D8 /* Project object */;
}
